// !$*UTF8*$!
{
	archiveVersion = 1;
	classes = {
	};
	objectVersion = 46;
	objects = {

/* Begin PBXBuildFile section */
		844D6D851AD5253E00A77554 /* main.m in Sources */ = {isa = PBXBuildFile; fileRef = 844D6D841AD5253E00A77554 /* main.m */; };
		844D6D881AD5253E00A77554 /* AppDelegate.m in Sources */ = {isa = PBXBuildFile; fileRef = 844D6D871AD5253E00A77554 /* AppDelegate.m */; };
		844D6D8B1AD5253E00A77554 /* ViewController.m in Sources */ = {isa = PBXBuildFile; fileRef = 844D6D8A1AD5253E00A77554 /* ViewController.m */; };
		844D6D8E1AD5253E00A77554 /* Main.storyboard in Resources */ = {isa = PBXBuildFile; fileRef = 844D6D8C1AD5253E00A77554 /* Main.storyboard */; };
		844D6D901AD5253E00A77554 /* Images.xcassets in Resources */ = {isa = PBXBuildFile; fileRef = 844D6D8F1AD5253E00A77554 /* Images.xcassets */; };
		844D6D931AD5253E00A77554 /* LaunchScreen.xib in Resources */ = {isa = PBXBuildFile; fileRef = 844D6D911AD5253E00A77554 /* LaunchScreen.xib */; };
		844D6D9F1AD5253F00A77554 /* zfwDemoTests.m in Sources */ = {isa = PBXBuildFile; fileRef = 844D6D9E1AD5253F00A77554 /* zfwDemoTests.m */; };
/* End PBXBuildFile section */

/* Begin PBXContainerItemProxy section */
		844D6D991AD5253F00A77554 /* PBXContainerItemProxy */ = {
			isa = PBXContainerItemProxy;
			containerPortal = 844D6D771AD5253E00A77554 /* Project object */;
			proxyType = 1;
			remoteGlobalIDString = 844D6D7E1AD5253E00A77554;
			remoteInfo = zfwDemo;
		};
/* End PBXContainerItemProxy section */

/* Begin PBXFileReference section */
		844D6D7F1AD5253E00A77554 /* zfwDemo.app */ = {isa = PBXFileReference; explicitFileType = wrapper.application; includeInIndex = 0; path = zfwDemo.app; sourceTree = BUILT_PRODUCTS_DIR; };
		844D6D831AD5253E00A77554 /* Info.plist */ = {isa = PBXFileReference; lastKnownFileType = text.plist.xml; path = Info.plist; sourceTree = "<group>"; };
		844D6D841AD5253E00A77554 /* main.m */ = {isa = PBXFileReference; lastKnownFileType = sourcecode.c.objc; path = main.m; sourceTree = "<group>"; };
		844D6D861AD5253E00A77554 /* AppDelegate.h */ = {isa = PBXFileReference; lastKnownFileType = sourcecode.c.h; path = AppDelegate.h; sourceTree = "<group>"; };
		844D6D871AD5253E00A77554 /* AppDelegate.m */ = {isa = PBXFileReference; lastKnownFileType = sourcecode.c.objc; path = AppDelegate.m; sourceTree = "<group>"; };
		844D6D891AD5253E00A77554 /* ViewController.h */ = {isa = PBXFileReference; lastKnownFileType = sourcecode.c.h; path = ViewController.h; sourceTree = "<group>"; };
		844D6D8A1AD5253E00A77554 /* ViewController.m */ = {isa = PBXFileReference; lastKnownFileType = sourcecode.c.objc; path = ViewController.m; sourceTree = "<group>"; };
		844D6D8D1AD5253E00A77554 /* Base */ = {isa = PBXFileReference; lastKnownFileType = file.storyboard; name = Base; path = Base.lproj/Main.storyboard; sourceTree = "<group>"; };
		844D6D8F1AD5253E00A77554 /* Images.xcassets */ = {isa = PBXFileReference; lastKnownFileType = folder.assetcatalog; path = Images.xcassets; sourceTree = "<group>"; };
		844D6D921AD5253E00A77554 /* Base */ = {isa = PBXFileReference; lastKnownFileType = file.xib; name = Base; path = Base.lproj/LaunchScreen.xib; sourceTree = "<group>"; };
		844D6D981AD5253F00A77554 /* zfwDemoTests.xctest */ = {isa = PBXFileReference; explicitFileType = wrapper.cfbundle; includeInIndex = 0; path = zfwDemoTests.xctest; sourceTree = BUILT_PRODUCTS_DIR; };
		844D6D9D1AD5253F00A77554 /* Info.plist */ = {isa = PBXFileReference; lastKnownFileType = text.plist.xml; path = Info.plist; sourceTree = "<group>"; };
		844D6D9E1AD5253F00A77554 /* zfwDemoTests.m */ = {isa = PBXFileReference; lastKnownFileType = sourcecode.c.objc; path = zfwDemoTests.m; sourceTree = "<group>"; };
/* End PBXFileReference section */

/* Begin PBXFrameworksBuildPhase section */
		844D6D7C1AD5253E00A77554 /* Frameworks */ = {
			isa = PBXFrameworksBuildPhase;
			buildActionMask = 2147483647;
			files = (
			);
			runOnlyForDeploymentPostprocessing = 0;
		};
		844D6D951AD5253F00A77554 /* Frameworks */ = {
			isa = PBXFrameworksBuildPhase;
			buildActionMask = 2147483647;
			files = (
			);
			runOnlyForDeploymentPostprocessing = 0;
		};
/* End PBXFrameworksBuildPhase section */

/* Begin PBXGroup section */
		844D6D761AD5253E00A77554 = {
			isa = PBXGroup;
			children = (
				844D6D811AD5253E00A77554 /* zfwDemo */,
				844D6D9B1AD5253F00A77554 /* zfwDemoTests */,
				844D6D801AD5253E00A77554 /* Products */,
			);
			sourceTree = "<group>";
		};
		844D6D801AD5253E00A77554 /* Products */ = {
			isa = PBXGroup;
			children = (
				844D6D7F1AD5253E00A77554 /* zfwDemo.app */,
				844D6D981AD5253F00A77554 /* zfwDemoTests.xctest */,
			);
			name = Products;
			sourceTree = "<group>";
		};
		844D6D811AD5253E00A77554 /* zfwDemo */ = {
			isa = PBXGroup;
			children = (
				844D6D861AD5253E00A77554 /* AppDelegate.h */,
				844D6D871AD5253E00A77554 /* AppDelegate.m */,
				844D6D891AD5253E00A77554 /* ViewController.h */,
				844D6D8A1AD5253E00A77554 /* ViewController.m */,
				844D6D8C1AD5253E00A77554 /* Main.storyboard */,
				844D6D8F1AD5253E00A77554 /* Images.xcassets */,
				844D6D911AD5253E00A77554 /* LaunchScreen.xib */,
				844D6D821AD5253E00A77554 /* Supporting Files */,
			);
			path = zfwDemo;
			sourceTree = "<group>";
		};
		844D6D821AD5253E00A77554 /* Supporting Files */ = {
			isa = PBXGroup;
			children = (
				844D6D831AD5253E00A77554 /* Info.plist */,
				844D6D841AD5253E00A77554 /* main.m */,
			);
			name = "Supporting Files";
			sourceTree = "<group>";
		};
		844D6D9B1AD5253F00A77554 /* zfwDemoTests */ = {
			isa = PBXGroup;
			children = (
				844D6D9E1AD5253F00A77554 /* zfwDemoTests.m */,
				844D6D9C1AD5253F00A77554 /* Supporting Files */,
			);
			path = zfwDemoTests;
			sourceTree = "<group>";
		};
		844D6D9C1AD5253F00A77554 /* Supporting Files */ = {
			isa = PBXGroup;
			children = (
				844D6D9D1AD5253F00A77554 /* Info.plist */,
			);
			name = "Supporting Files";
			sourceTree = "<group>";
		};
/* End PBXGroup section */

/* Begin PBXNativeTarget section */
		844D6D7E1AD5253E00A77554 /* zfwDemo */ = {
			isa = PBXNativeTarget;
			buildConfigurationList = 844D6DA21AD5253F00A77554 /* Build configuration list for PBXNativeTarget "zfwDemo" */;
			buildPhases = (
				844D6D7B1AD5253E00A77554 /* Sources */,
				844D6D7C1AD5253E00A77554 /* Frameworks */,
				844D6D7D1AD5253E00A77554 /* Resources */,
			);
			buildRules = (
			);
			dependencies = (
			);
			name = zfwDemo;
			productName = zfwDemo;
			productReference = 844D6D7F1AD5253E00A77554 /* zfwDemo.app */;
			productType = "com.apple.product-type.application";
		};
		844D6D971AD5253F00A77554 /* zfwDemoTests */ = {
			isa = PBXNativeTarget;
			buildConfigurationList = 844D6DA51AD5253F00A77554 /* Build configuration list for PBXNativeTarget "zfwDemoTests" */;
			buildPhases = (
				844D6D941AD5253F00A77554 /* Sources */,
				844D6D951AD5253F00A77554 /* Frameworks */,
				844D6D961AD5253F00A77554 /* Resources */,
			);
			buildRules = (
			);
			dependencies = (
				844D6D9A1AD5253F00A77554 /* PBXTargetDependency */,
			);
			name = zfwDemoTests;
			productName = zfwDemoTests;
			productReference = 844D6D981AD5253F00A77554 /* zfwDemoTests.xctest */;
			productType = "com.apple.product-type.bundle.unit-test";
		};
/* End PBXNativeTarget section */

/* Begin PBXProject section */
		844D6D771AD5253E00A77554 /* Project object */ = {
			isa = PBXProject;
			attributes = {
				LastUpgradeCheck = 0600;
				ORGANIZATIONNAME = nd;
				TargetAttributes = {
					844D6D7E1AD5253E00A77554 = {
						CreatedOnToolsVersion = 6.0.1;
					};
					844D6D971AD5253F00A77554 = {
						CreatedOnToolsVersion = 6.0.1;
						TestTargetID = 844D6D7E1AD5253E00A77554;
					};
				};
			};
			buildConfigurationList = 844D6D7A1AD5253E00A77554 /* Build configuration list for PBXProject "zfwDemo" */;
			compatibilityVersion = "Xcode 3.2";
			developmentRegion = English;
			hasScannedForEncodings = 0;
			knownRegions = (
				en,
				Base,
			);
			mainGroup = 844D6D761AD5253E00A77554;
			productRefGroup = 844D6D801AD5253E00A77554 /* Products */;
			projectDirPath = "";
			projectRoot = "";
			targets = (
				844D6D7E1AD5253E00A77554 /* zfwDemo */,
				844D6D971AD5253F00A77554 /* zfwDemoTests */,
			);
		};
/* End PBXProject section */

/* Begin PBXResourcesBuildPhase section */
		844D6D7D1AD5253E00A77554 /* Resources */ = {
			isa = PBXResourcesBuildPhase;
			buildActionMask = 2147483647;
			files = (
				844D6D8E1AD5253E00A77554 /* Main.storyboard in Resources */,
				844D6D931AD5253E00A77554 /* LaunchScreen.xib in Resources */,
				844D6D901AD5253E00A77554 /* Images.xcassets in Resources */,
			);
			runOnlyForDeploymentPostprocessing = 0;
		};
		844D6D961AD5253F00A77554 /* Resources */ = {
			isa = PBXResourcesBuildPhase;
			buildActionMask = 2147483647;
			files = (
			);
			runOnlyForDeploymentPostprocessing = 0;
		};
/* End PBXResourcesBuildPhase section */

/* Begin PBXSourcesBuildPhase section */
		844D6D7B1AD5253E00A77554 /* Sources */ = {
			isa = PBXSourcesBuildPhase;
			buildActionMask = 2147483647;
			files = (
				844D6D8B1AD5253E00A77554 /* ViewController.m in Sources */,
				844D6D881AD5253E00A77554 /* AppDelegate.m in Sources */,
				844D6D851AD5253E00A77554 /* main.m in Sources */,
			);
			runOnlyForDeploymentPostprocessing = 0;
		};
		844D6D941AD5253F00A77554 /* Sources */ = {
			isa = PBXSourcesBuildPhase;
			buildActionMask = 2147483647;
			files = (
				844D6D9F1AD5253F00A77554 /* zfwDemoTests.m in Sources */,
			);
			runOnlyForDeploymentPostprocessing = 0;
		};
/* End PBXSourcesBuildPhase section */

/* Begin PBXTargetDependency section */
		844D6D9A1AD5253F00A77554 /* PBXTargetDependency */ = {
			isa = PBXTargetDependency;
			target = 844D6D7E1AD5253E00A77554 /* zfwDemo */;
			targetProxy = 844D6D991AD5253F00A77554 /* PBXContainerItemProxy */;
		};
/* End PBXTargetDependency section */

/* Begin PBXVariantGroup section */
		844D6D8C1AD5253E00A77554 /* Main.storyboard */ = {
			isa = PBXVariantGroup;
			children = (
				844D6D8D1AD5253E00A77554 /* Base */,
			);
			name = Main.storyboard;
			sourceTree = "<group>";
		};
		844D6D911AD5253E00A77554 /* LaunchScreen.xib */ = {
			isa = PBXVariantGroup;
			children = (
				844D6D921AD5253E00A77554 /* Base */,
			);
			name = LaunchScreen.xib;
			sourceTree = "<group>";
		};
/* End PBXVariantGroup section */

/* Begin XCBuildConfiguration section */
		844D6DA01AD5253F00A77554 /* Debug */ = {
			isa = XCBuildConfiguration;
			buildSettings = {
				ALWAYS_SEARCH_USER_PATHS = NO;
				CLANG_CXX_LANGUAGE_STANDARD = "gnu++0x";
				CLANG_CXX_LIBRARY = "libc++";
				CLANG_ENABLE_MODULES = YES;
				CLANG_ENABLE_OBJC_ARC = YES;
				CLANG_WARN_BOOL_CONVERSION = YES;
				CLANG_WARN_CONSTANT_CONVERSION = YES;
				CLANG_WARN_DIRECT_OBJC_ISA_USAGE = YES_ERROR;
				CLANG_WARN_EMPTY_BODY = YES;
				CLANG_WARN_ENUM_CONVERSION = YES;
				CLANG_WARN_INT_CONVERSION = YES;
				CLANG_WARN_OBJC_ROOT_CLASS = YES_ERROR;
				CLANG_WARN_UNREACHABLE_CODE = YES;
				CLANG_WARN__DUPLICATE_METHOD_MATCH = YES;
				"CODE_SIGN_IDENTITY[sdk=iphoneos*]" = "iPhone Developer";
				COPY_PHASE_STRIP = NO;
				ENABLE_STRICT_OBJC_MSGSEND = YES;
				GCC_C_LANGUAGE_STANDARD = gnu99;
				GCC_DYNAMIC_NO_PIC = NO;
				GCC_OPTIMIZATION_LEVEL = 0;
				GCC_PREPROCESSOR_DEFINITIONS = (
					"DEBUG=1",
					"$(inherited)",
				);
				GCC_SYMBOLS_PRIVATE_EXTERN = NO;
				GCC_WARN_64_TO_32_BIT_CONVERSION = YES;
				GCC_WARN_ABOUT_RETURN_TYPE = YES_ERROR;
				GCC_WARN_UNDECLARED_SELECTOR = YES;
				GCC_WARN_UNINITIALIZED_AUTOS = YES_AGGRESSIVE;
				GCC_WARN_UNUSED_FUNCTION = YES;
				GCC_WARN_UNUSED_VARIABLE = YES;
				IPHONEOS_DEPLOYMENT_TARGET = 8.0;
				MTL_ENABLE_DEBUG_INFO = YES;
				ONLY_ACTIVE_ARCH = YES;
				SDKROOT = iphoneos;
			};
			name = Debug;
		};
		844D6DA11AD5253F00A77554 /* Release */ = {
			isa = XCBuildConfiguration;
			buildSettings = {
				ALWAYS_SEARCH_USER_PATHS = NO;
				CLANG_CXX_LANGUAGE_STANDARD = "gnu++0x";
				CLANG_CXX_LIBRARY = "libc++";
				CLANG_ENABLE_MODULES = YES;
				CLANG_ENABLE_OBJC_ARC = YES;
				CLANG_WARN_BOOL_CONVERSION = YES;
				CLANG_WARN_CONSTANT_CONVERSION = YES;
				CLANG_WARN_DIRECT_OBJC_ISA_USAGE = YES_ERROR;
				CLANG_WARN_EMPTY_BODY = YES;
				CLANG_WARN_ENUM_CONVERSION = YES;
				CLANG_WARN_INT_CONVERSION = YES;
				CLANG_WARN_OBJC_ROOT_CLASS = YES_ERROR;
				CLANG_WARN_UNREACHABLE_CODE = YES;
				CLANG_WARN__DUPLICATE_METHOD_MATCH = YES;
				"CODE_SIGN_IDENTITY[sdk=iphoneos*]" = "iPhone Developer";
				COPY_PHASE_STRIP = YES;
				ENABLE_NS_ASSERTIONS = NO;
				ENABLE_STRICT_OBJC_MSGSEND = YES;
				GCC_C_LANGUAGE_STANDARD = gnu99;
				GCC_WARN_64_TO_32_BIT_CONVERSION = YES;
				GCC_WARN_ABOUT_RETURN_TYPE = YES_ERROR;
				GCC_WARN_UNDECLARED_SELECTOR = YES;
				GCC_WARN_UNINITIALIZED_AUTOS = YES_AGGRESSIVE;
				GCC_WARN_UNUSED_FUNCTION = YES;
				GCC_WARN_UNUSED_VARIABLE = YES;
				IPHONEOS_DEPLOYMENT_TARGET = 8.0;
				MTL_ENABLE_DEBUG_INFO = NO;
				SDKROOT = iphoneos;
				VALIDATE_PRODUCT = YES;
			};
			name = Release;
		};
		844D6DA31AD5253F00A77554 /* Debug */ = {
			isa = XCBuildConfiguration;
			buildSettings = {
				ASSETCATALOG_COMPILER_APPICON_NAME = AppIcon;
				INFOPLIST_FILE = zfwDemo/Info.plist;
				LD_RUNPATH_SEARCH_PATHS = "$(inherited) @executable_path/Frameworks";
				PRODUCT_NAME = "$(TARGET_NAME)";
			};
			name = Debug;
		};
		844D6DA41AD5253F00A77554 /* Release */ = {
			isa = XCBuildConfiguration;
			buildSettings = {
				ASSETCATALOG_COMPILER_APPICON_NAME = AppIcon;
				INFOPLIST_FILE = zfwDemo/Info.plist;
				LD_RUNPATH_SEARCH_PATHS = "$(inherited) @executable_path/Frameworks";
				PRODUCT_NAME = "$(TARGET_NAME)";
			};
			name = Release;
		};
		844D6DA61AD5253F00A77554 /* Debug */ = {
			isa = XCBuildConfiguration;
			buildSettings = {
				BUNDLE_LOADER = "$(TEST_HOST)";
				FRAMEWORK_SEARCH_PATHS = (
					"$(SDKROOT)/Developer/Library/Frameworks",
					"$(inherited)",
				);
				GCC_PREPROCESSOR_DEFINITIONS = (
					"DEBUG=1",
					"$(inherited)",
				);
				INFOPLIST_FILE = zfwDemoTests/Info.plist;
				LD_RUNPATH_SEARCH_PATHS = "$(inherited) @executable_path/Frameworks @loader_path/Frameworks";
				PRODUCT_NAME = "$(TARGET_NAME)";
				TEST_HOST = "$(BUILT_PRODUCTS_DIR)/zfwDemo.app/zfwDemo";
			};
			name = Debug;
		};
		844D6DA71AD5253F00A77554 /* Release */ = {
			isa = XCBuildConfiguration;
			buildSettings = {
				BUNDLE_LOADER = "$(TEST_HOST)";
				FRAMEWORK_SEARCH_PATHS = (
					"$(SDKROOT)/Developer/Library/Frameworks",
					"$(inherited)",
				);
				INFOPLIST_FILE = zfwDemoTests/Info.plist;
				LD_RUNPATH_SEARCH_PATHS = "$(inherited) @executable_path/Frameworks @loader_path/Frameworks";
				PRODUCT_NAME = "$(TARGET_NAME)";
				TEST_HOST = "$(BUILT_PRODUCTS_DIR)/zfwDemo.app/zfwDemo";
			};
			name = Release;
		};
/* End XCBuildConfiguration section */

/* Begin XCConfigurationList section */
		844D6D7A1AD5253E00A77554 /* Build configuration list for PBXProject "zfwDemo" */ = {
			isa = XCConfigurationList;
			buildConfigurations = (
				844D6DA01AD5253F00A77554 /* Debug */,
				844D6DA11AD5253F00A77554 /* Release */,
			);
			defaultConfigurationIsVisible = 0;
			defaultConfigurationName = Release;
		};
		844D6DA21AD5253F00A77554 /* Build configuration list for PBXNativeTarget "zfwDemo" */ = {
			isa = XCConfigurationList;
			buildConfigurations = (
				844D6DA31AD5253F00A77554 /* Debug */,
				844D6DA41AD5253F00A77554 /* Release */,
			);
			defaultConfigurationIsVisible = 0;
		};
		844D6DA51AD5253F00A77554 /* Build configuration list for PBXNativeTarget "zfwDemoTests" */ = {
			isa = XCConfigurationList;
			buildConfigurations = (
				844D6DA61AD5253F00A77554 /* Debug */,
				844D6DA71AD5253F00A77554 /* Release */,
			);
			defaultConfigurationIsVisible = 0;
		};
/* End XCConfigurationList section */
	};
	rootObject = 844D6D771AD5253E00A77554 /* Project object */;
}
